
Microsoft Visual Studio Solution File, Format Version 12.00
# Visual Studio 14
VisualStudioVersion = 14.0.25420.1
MinimumVisualStudioVersion = 10.0.40219.1
Project("{FAE04EC0-301F-11D3-BF4B-00C04F79EFBC}") = "Mapas.Android", "Mapas\Mapas.Android\Mapas.Android.csproj", "{1C9AC2D7-7D51-4F69-B322-8FEAE0081803}"
EndProject
Project("{FAE04EC0-301F-11D3-BF4B-00C04F79EFBC}") = "Mapas", "Mapas\Mapas\Mapas.csproj", "{4A6D2E7B-A313-47D3-B199-B4111A73BF7B}"
EndProject
Project("{FAE04EC0-301F-11D3-BF4B-00C04F79EFBC}") = "Mapas.iOS", "Mapas\Mapas.iOS\Mapas.iOS.csproj", "{125C3A47-6DDA-4A17-95BD-EDB634FF58B2}"
EndProject
Global
	GlobalSection(SolutionConfigurationPlatforms) = preSolution
		Ad-Hoc|Any CPU = Ad-Hoc|Any CPU
		Ad-Hoc|iPhone = Ad-Hoc|iPhone
		Ad-Hoc|iPhoneSimulator = Ad-Hoc|iPhoneSimulator
		AppStore|Any CPU = AppStore|Any CPU
		AppStore|iPhone = AppStore|iPhone
		AppStore|iPhoneSimulator = AppStore|iPhoneSimulator
		Debug|Any CPU = Debug|Any CPU
		Debug|iPhone = Debug|iPhone
		Debug|iPhoneSimulator = Debug|iPhoneSimulator
		Release|Any CPU = Release|Any CPU
		Release|iPhone = Release|iPhone
		Release|iPhoneSimulator = Release|iPhoneSimulator
	EndGlobalSection
	GlobalSection(ProjectConfigurationPlatforms) = postSolution
		{1C9AC2D7-7D51-4F69-B322-8FEAE0081803}.Ad-Hoc|Any CPU.ActiveCfg = Release|Any CPU
		{1C9AC2D7-7D51-4F69-B322-8FEAE0081803}.Ad-Hoc|Any CPU.Build.0 = Release|Any CPU
		{1C9AC2D7-7D51-4F69-B322-8FEAE0081803}.Ad-Hoc|Any CPU.Deploy.0 = Release|Any CPU
		{1C9AC2D7-7D51-4F69-B322-8FEAE0081803}.Ad-Hoc|iPhone.ActiveCfg = Release|Any CPU
		{1C9AC2D7-7D51-4F69-B322-8FEAE0081803}.Ad-Hoc|iPhone.Build.0 = Release|Any CPU
		{1C9AC2D7-7D51-4F69-B322-8FEAE0081803}.Ad-Hoc|iPhone.Deploy.0 = Release|Any CPU
		{1C9AC2D7-7D51-4F69-B322-8FEAE0081803}.Ad-Hoc|iPhoneSimulator.ActiveCfg = Release|Any CPU
		{1C9AC2D7-7D51-4F69-B322-8FEAE0081803}.Ad-Hoc|iPhoneSimulator.Build.0 = Release|Any CPU
		{1C9AC2D7-7D51-4F69-B322-8FEAE0081803}.Ad-Hoc|iPhoneSimulator.Deploy.0 = Release|Any CPU
		{1C9AC2D7-7D51-4F69-B322-8FEAE0081803}.AppStore|Any CPU.ActiveCfg = Release|Any CPU
		{1C9AC2D7-7D51-4F69-B322-8FEAE0081803}.AppStore|Any CPU.Build.0 = Release|Any CPU
		{1C9AC2D7-7D51-4F69-B322-8FEAE0081803}.AppStore|Any CPU.Deploy.0 = Release|Any CPU
		{1C9AC2D7-7D51-4F69-B322-8FEAE0081803}.AppStore|iPhone.ActiveCfg = Release|Any CPU
		{1C9AC2D7-7D51-4F69-B322-8FEAE0081803}.AppStore|iPhone.Build.0 = Release|Any CPU
		{1C9AC2D7-7D51-4F69-B322-8FEAE0081803}.AppStore|iPhone.Deploy.0 = Release|Any CPU
		{1C9AC2D7-7D51-4F69-B322-8FEAE0081803}.AppStore|iPhoneSimulator.ActiveCfg = Release|Any CPU
		{1C9AC2D7-7D51-4F69-B322-8FEAE0081803}.AppStore|iPhoneSimulator.Build.0 = Release|Any CPU
		{1C9AC2D7-7D51-4F69-B322-8FEAE0081803}.AppStore|iPhoneSimulator.Deploy.0 = Release|Any CPU
		{1C9AC2D7-7D51-4F69-B322-8FEAE0081803}.Debug|Any CPU.ActiveCfg = Debug|Any CPU
		{1C9AC2D7-7D51-4F69-B322-8FEAE0081803}.Debug|Any CPU.Build.0 = Debug|Any CPU
		{1C9AC2D7-7D51-4F69-B322-8FEAE0081803}.Debug|Any CPU.Deploy.0 = Debug|Any CPU
		{1C9AC2D7-7D51-4F69-B322-8FEAE0081803}.Debug|iPhone.ActiveCfg = Debug|Any CPU
		{1C9AC2D7-7D51-4F69-B322-8FEAE0081803}.Debug|iPhone.Build.0 = Debug|Any CPU
		{1C9AC2D7-7D51-4F69-B322-8FEAE0081803}.Debug|iPhone.Deploy.0 = Debug|Any CPU
		{1C9AC2D7-7D51-4F69-B322-8FEAE0081803}.Debug|iPhoneSimulator.ActiveCfg = Debug|Any CPU
		{1C9AC2D7-7D51-4F69-B322-8FEAE0081803}.Debug|iPhoneSimulator.Build.0 = Debug|Any CPU
		{1C9AC2D7-7D51-4F69-B322-8FEAE0081803}.Debug|iPhoneSimulator.Deploy.0 = Debug|Any CPU
		{1C9AC2D7-7D51-4F69-B322-8FEAE0081803}.Release|Any CPU.ActiveCfg = Release|Any CPU
		{1C9AC2D7-7D51-4F69-B322-8FEAE0081803}.Release|Any CPU.Build.0 = Release|Any CPU
		{1C9AC2D7-7D51-4F69-B322-8FEAE0081803}.Release|Any CPU.Deploy.0 = Release|Any CPU
		{1C9AC2D7-7D51-4F69-B322-8FEAE0081803}.Release|iPhone.ActiveCfg = Release|Any CPU
		{1C9AC2D7-7D51-4F69-B322-8FEAE0081803}.Release|iPhone.Build.0 = Release|Any CPU
		{1C9AC2D7-7D51-4F69-B322-8FEAE0081803}.Release|iPhone.Deploy.0 = Release|Any CPU
		{1C9AC2D7-7D51-4F69-B322-8FEAE0081803}.Release|iPhoneSimulator.ActiveCfg = Release|Any CPU
		{1C9AC2D7-7D51-4F69-B322-8FEAE0081803}.Release|iPhoneSimulator.Build.0 = Release|Any CPU
		{1C9AC2D7-7D51-4F69-B322-8FEAE0081803}.Release|iPhoneSimulator.Deploy.0 = Release|Any CPU
		{4A6D2E7B-A313-47D3-B199-B4111A73BF7B}.Ad-Hoc|Any CPU.ActiveCfg = Release|Any CPU
		{4A6D2E7B-A313-47D3-B199-B4111A73BF7B}.Ad-Hoc|Any CPU.Build.0 = Release|Any CPU
		{4A6D2E7B-A313-47D3-B199-B4111A73BF7B}.Ad-Hoc|iPhone.ActiveCfg = Release|Any CPU
		{4A6D2E7B-A313-47D3-B199-B4111A73BF7B}.Ad-Hoc|iPhone.Build.0 = Release|Any CPU
		{4A6D2E7B-A313-47D3-B199-B4111A73BF7B}.Ad-Hoc|iPhoneSimulator.ActiveCfg = Release|Any CPU
		{4A6D2E7B-A313-47D3-B199-B4111A73BF7B}.Ad-Hoc|iPhoneSimulator.Build.0 = Release|Any CPU
		{4A6D2E7B-A313-47D3-B199-B4111A73BF7B}.AppStore|Any CPU.ActiveCfg = Release|Any CPU
		{4A6D2E7B-A313-47D3-B199-B4111A73BF7B}.AppStore|Any CPU.Build.0 = Release|Any CPU
		{4A6D2E7B-A313-47D3-B199-B4111A73BF7B}.AppStore|iPhone.ActiveCfg = Release|Any CPU
		{4A6D2E7B-A313-47D3-B199-B4111A73BF7B}.AppStore|iPhone.Build.0 = Release|Any CPU
		{4A6D2E7B-A313-47D3-B199-B4111A73BF7B}.AppStore|iPhoneSimulator.ActiveCfg = Release|Any CPU
		{4A6D2E7B-A313-47D3-B199-B4111A73BF7B}.AppStore|iPhoneSimulator.Build.0 = Release|Any CPU
		{4A6D2E7B-A313-47D3-B199-B4111A73BF7B}.Debug|Any CPU.ActiveCfg = Debug|Any CPU
		{4A6D2E7B-A313-47D3-B199-B4111A73BF7B}.Debug|Any CPU.Build.0 = Debug|Any CPU
		{4A6D2E7B-A313-47D3-B199-B4111A73BF7B}.Debug|iPhone.ActiveCfg = Debug|Any CPU
		{4A6D2E7B-A313-47D3-B199-B4111A73BF7B}.Debug|iPhone.Build.0 = Debug|Any CPU
		{4A6D2E7B-A313-47D3-B199-B4111A73BF7B}.Debug|iPhoneSimulator.ActiveCfg = Debug|Any CPU
		{4A6D2E7B-A313-47D3-B199-B4111A73BF7B}.Debug|iPhoneSimulator.Build.0 = Debug|Any CPU
		{4A6D2E7B-A313-47D3-B199-B4111A73BF7B}.Release|Any CPU.ActiveCfg = Release|Any CPU
		{4A6D2E7B-A313-47D3-B199-B4111A73BF7B}.Release|Any CPU.Build.0 = Release|Any CPU
		{4A6D2E7B-A313-47D3-B199-B4111A73BF7B}.Release|iPhone.ActiveCfg = Release|Any CPU
		{4A6D2E7B-A313-47D3-B199-B4111A73BF7B}.Release|iPhone.Build.0 = Release|Any CPU
		{4A6D2E7B-A313-47D3-B199-B4111A73BF7B}.Release|iPhoneSimulator.ActiveCfg = Release|Any CPU
		{4A6D2E7B-A313-47D3-B199-B4111A73BF7B}.Release|iPhoneSimulator.Build.0 = Release|Any CPU
		{125C3A47-6DDA-4A17-95BD-EDB634FF58B2}.Ad-Hoc|Any CPU.ActiveCfg = Ad-Hoc|iPhone
		{125C3A47-6DDA-4A17-95BD-EDB634FF58B2}.Ad-Hoc|iPhone.ActiveCfg = Ad-Hoc|iPhone
		{125C3A47-6DDA-4A17-95BD-EDB634FF58B2}.Ad-Hoc|iPhone.Build.0 = Ad-Hoc|iPhone
		{125C3A47-6DDA-4A17-95BD-EDB634FF58B2}.Ad-Hoc|iPhoneSimulator.ActiveCfg = Ad-Hoc|iPhoneSimulator
		{125C3A47-6DDA-4A17-95BD-EDB634FF58B2}.Ad-Hoc|iPhoneSimulator.Build.0 = Ad-Hoc|iPhoneSimulator
		{125C3A47-6DDA-4A17-95BD-EDB634FF58B2}.AppStore|Any CPU.ActiveCfg = AppStore|iPhone
		{125C3A47-6DDA-4A17-95BD-EDB634FF58B2}.AppStore|iPhone.ActiveCfg = AppStore|iPhone
		{125C3A47-6DDA-4A17-95BD-EDB634FF58B2}.AppStore|iPhone.Build.0 = AppStore|iPhone
		{125C3A47-6DDA-4A17-95BD-EDB634FF58B2}.AppStore|iPhoneSimulator.ActiveCfg = AppStore|iPhoneSimulator
		{125C3A47-6DDA-4A17-95BD-EDB634FF58B2}.AppStore|iPhoneSimulator.Build.0 = AppStore|iPhoneSimulator
		{125C3A47-6DDA-4A17-95BD-EDB634FF58B2}.Debug|Any CPU.ActiveCfg = Debug|iPhone
		{125C3A47-6DDA-4A17-95BD-EDB634FF58B2}.Debug|iPhone.ActiveCfg = Debug|iPhone
		{125C3A47-6DDA-4A17-95BD-EDB634FF58B2}.Debug|iPhone.Build.0 = Debug|iPhone
		{125C3A47-6DDA-4A17-95BD-EDB634FF58B2}.Debug|iPhoneSimulator.ActiveCfg = Debug|iPhoneSimulator
		{125C3A47-6DDA-4A17-95BD-EDB634FF58B2}.Debug|iPhoneSimulator.Build.0 = Debug|iPhoneSimulator
		{125C3A47-6DDA-4A17-95BD-EDB634FF58B2}.Release|Any CPU.ActiveCfg = Release|iPhone
		{125C3A47-6DDA-4A17-95BD-EDB634FF58B2}.Release|iPhone.ActiveCfg = Release|iPhone
		{125C3A47-6DDA-4A17-95BD-EDB634FF58B2}.Release|iPhone.Build.0 = Release|iPhone
		{125C3A47-6DDA-4A17-95BD-EDB634FF58B2}.Release|iPhoneSimulator.ActiveCfg = Release|iPhoneSimulator
		{125C3A47-6DDA-4A17-95BD-EDB634FF58B2}.Release|iPhoneSimulator.Build.0 = Release|iPhoneSimulator
	EndGlobalSection
	GlobalSection(SolutionProperties) = preSolution
		HideSolutionNode = FALSE
	EndGlobalSection
EndGlobal
